
Microsoft Visual Studio Solution File, Format Version 12.00
# Visual Studio 14
VisualStudioVersion = 14.0.25420.1
MinimumVisualStudioVersion = 10.0.40219.1
Project("{2150E333-8FDC-42A3-9474-1A3956D46DE8}") = "src", "src", "{1A84F3E7-9F5F-4969-B2C1-6C665020268D}"
EndProject
Project("{2150E333-8FDC-42A3-9474-1A3956D46DE8}") = "Solution Items", "Solution Items", "{934BC78E-B9CF-4232-8AB1-865DC1CE19F7}"
	ProjectSection(SolutionItems) = preProject
		global.json = global.json
	EndProjectSection
EndProject
Project("{8BB2217D-0F2D-49D1-97BC-3654ED321F3B}") = "WebApplication1", "src\WebApplication1\WebApplication1.xproj", "{93AF589D-3401-4899-AA95-53BBF4E80EC6}"
EndProject
Global
	GlobalSection(SolutionConfigurationPlatforms) = preSolution
		Debug|Any CPU = Debug|Any CPU
		Release|Any CPU = Release|Any CPU
	EndGlobalSection
	GlobalSection(ProjectConfigurationPlatforms) = postSolution
		{93AF589D-3401-4899-AA95-53BBF4E80EC6}.Debug|Any CPU.ActiveCfg = Debug|Any CPU
		{93AF589D-3401-4899-AA95-53BBF4E80EC6}.Debug|Any CPU.Build.0 = Debug|Any CPU
		{93AF589D-3401-4899-AA95-53BBF4E80EC6}.Release|Any CPU.ActiveCfg = Release|Any CPU
		{93AF589D-3401-4899-AA95-53BBF4E80EC6}.Release|Any CPU.Build.0 = Release|Any CPU
	EndGlobalSection
	GlobalSection(SolutionProperties) = preSolution
		HideSolutionNode = FALSE
	EndGlobalSection
	GlobalSection(NestedProjects) = preSolution
		{93AF589D-3401-4899-AA95-53BBF4E80EC6} = {1A84F3E7-9F5F-4969-B2C1-6C665020268D}
	EndGlobalSection
EndGlobal
